// !$*UTF8*$!
{
	archiveVersion = 1;
	classes = {
	};
	objectVersion = 55;
	objects = {

/* Begin PBXBuildFile section */
		AD54F0312855BA9D0077FD0A /* IOS_FINALApp.swift in Sources */ = {isa = PBXBuildFile; fileRef = AD54F0302855BA9D0077FD0A /* IOS_FINALApp.swift */; };
		AD54F0332855BA9D0077FD0A /* ContentView.swift in Sources */ = {isa = PBXBuildFile; fileRef = AD54F0322855BA9D0077FD0A /* ContentView.swift */; };
		AD54F0352855BAA10077FD0A /* Assets.xcassets in Resources */ = {isa = PBXBuildFile; fileRef = AD54F0342855BAA10077FD0A /* Assets.xcassets */; };
		AD54F0382855BAA10077FD0A /* Preview Assets.xcassets in Resources */ = {isa = PBXBuildFile; fileRef = AD54F0372855BAA10077FD0A /* Preview Assets.xcassets */; };
		AD54F0422855BAA10077FD0A /* IOS_FINALTests.swift in Sources */ = {isa = PBXBuildFile; fileRef = AD54F0412855BAA10077FD0A /* IOS_FINALTests.swift */; };
		AD54F04C2855BAA10077FD0A /* IOS_FINALUITests.swift in Sources */ = {isa = PBXBuildFile; fileRef = AD54F04B2855BAA10077FD0A /* IOS_FINALUITests.swift */; };
		AD54F04E2855BAA10077FD0A /* IOS_FINALUITestsLaunchTests.swift in Sources */ = {isa = PBXBuildFile; fileRef = AD54F04D2855BAA10077FD0A /* IOS_FINALUITestsLaunchTests.swift */; };
		AD7EE2872864E24C0087134B /* HomeView.swift in Sources */ = {isa = PBXBuildFile; fileRef = AD7EE2862864E24C0087134B /* HomeView.swift */; };
		ADE6744A2864D20F0091C97B /* GoogleService-Info.plist in Resources */ = {isa = PBXBuildFile; fileRef = ADE674492864D20E0091C97B /* GoogleService-Info.plist */; };
		ADF9B0782864E9F100A2D930 /* PagingView.swift in Sources */ = {isa = PBXBuildFile; fileRef = ADF9B0772864E9F100A2D930 /* PagingView.swift */; };
		ADF9B07A28654F9F00A2D930 /* CategoryView.swift in Sources */ = {isa = PBXBuildFile; fileRef = ADF9B07928654F9F00A2D930 /* CategoryView.swift */; };
		ADF9B07C28656BEA00A2D930 /* Item.swift in Sources */ = {isa = PBXBuildFile; fileRef = ADF9B07B28656BEA00A2D930 /* Item.swift */; };
		ADF9B07E28656C7600A2D930 /* Comment.swift in Sources */ = {isa = PBXBuildFile; fileRef = ADF9B07D28656C7600A2D930 /* Comment.swift */; };
		ADF9B084286579BE00A2D930 /* Cart_Item.swift in Sources */ = {isa = PBXBuildFile; fileRef = ADF9B083286579BE00A2D930 /* Cart_Item.swift */; };
		E1BD67CE2864654A00EA40E8 /* RegistrationView.swift in Sources */ = {isa = PBXBuildFile; fileRef = E1BD67CD2864654A00EA40E8 /* RegistrationView.swift */; };
		E1BD67D02864681D00EA40E8 /* ProductBoxView.swift in Sources */ = {isa = PBXBuildFile; fileRef = E1BD67CF2864681D00EA40E8 /* ProductBoxView.swift */; };
		E1BD67D22864B4BE00EA40E8 /* ProductDetailView.swift in Sources */ = {isa = PBXBuildFile; fileRef = E1BD67D12864B4BE00EA40E8 /* ProductDetailView.swift */; };
		E1BD67D4286595F900EA40E8 /* CommentView.swift in Sources */ = {isa = PBXBuildFile; fileRef = E1BD67D3286595F900EA40E8 /* CommentView.swift */; };
		E1BD67D62865A11100EA40E8 /* CartView.swift in Sources */ = {isa = PBXBuildFile; fileRef = E1BD67D52865A11100EA40E8 /* CartView.swift */; };
		E1BD67DA2865A20400EA40E8 /* GoogleService-Info.plist in Resources */ = {isa = PBXBuildFile; fileRef = E1BD67D92865A20400EA40E8 /* GoogleService-Info.plist */; };
		E1BD67DC2865A45D00EA40E8 /* Item.swift in Sources */ = {isa = PBXBuildFile; fileRef = E1BD67DB2865A45D00EA40E8 /* Item.swift */; };
		E1BD67DE2865A53300EA40E8 /* Comment.swift in Sources */ = {isa = PBXBuildFile; fileRef = E1BD67DD2865A53300EA40E8 /* Comment.swift */; };
		E1FE3CBD286459E60045A594 /* FirebaseAnalytics in Frameworks */ = {isa = PBXBuildFile; productRef = E1FE3CBC286459E60045A594 /* FirebaseAnalytics */; };
		E1FE3CBF286459E60045A594 /* FirebaseAuth in Frameworks */ = {isa = PBXBuildFile; productRef = E1FE3CBE286459E60045A594 /* FirebaseAuth */; };
		E1FE3CC1286459E60045A594 /* FirebaseFirestoreSwift in Frameworks */ = {isa = PBXBuildFile; productRef = E1FE3CC0286459E60045A594 /* FirebaseFirestoreSwift */; };
		E1FE3CC3286459E60045A594 /* FirebaseStorage in Frameworks */ = {isa = PBXBuildFile; productRef = E1FE3CC2286459E60045A594 /* FirebaseStorage */; };
		E1FE3CC528645A290045A594 /* SignInView.swift in Sources */ = {isa = PBXBuildFile; fileRef = E1FE3CC428645A290045A594 /* SignInView.swift */; };
/* End PBXBuildFile section */

/* Begin PBXContainerItemProxy section */
		AD54F03E2855BAA10077FD0A /* PBXContainerItemProxy */ = {
			isa = PBXContainerItemProxy;
			containerPortal = AD54F0252855BA9D0077FD0A /* Project object */;
			proxyType = 1;
			remoteGlobalIDString = AD54F02C2855BA9D0077FD0A;
			remoteInfo = IOS_FINAL;
		};
		AD54F0482855BAA10077FD0A /* PBXContainerItemProxy */ = {
			isa = PBXContainerItemProxy;
			containerPortal = AD54F0252855BA9D0077FD0A /* Project object */;
			proxyType = 1;
			remoteGlobalIDString = AD54F02C2855BA9D0077FD0A;
			remoteInfo = IOS_FINAL;
		};
/* End PBXContainerItemProxy section */

/* Begin PBXFileReference section */
		AD54F02D2855BA9D0077FD0A /* IOS_FINAL.app */ = {isa = PBXFileReference; explicitFileType = wrapper.application; includeInIndex = 0; path = IOS_FINAL.app; sourceTree = BUILT_PRODUCTS_DIR; };
		AD54F0302855BA9D0077FD0A /* IOS_FINALApp.swift */ = {isa = PBXFileReference; lastKnownFileType = sourcecode.swift; path = IOS_FINALApp.swift; sourceTree = "<group>"; };
		AD54F0322855BA9D0077FD0A /* ContentView.swift */ = {isa = PBXFileReference; lastKnownFileType = sourcecode.swift; path = ContentView.swift; sourceTree = "<group>"; };
		AD54F0342855BAA10077FD0A /* Assets.xcassets */ = {isa = PBXFileReference; lastKnownFileType = folder.assetcatalog; path = Assets.xcassets; sourceTree = "<group>"; };
		AD54F0372855BAA10077FD0A /* Preview Assets.xcassets */ = {isa = PBXFileReference; lastKnownFileType = folder.assetcatalog; path = "Preview Assets.xcassets"; sourceTree = "<group>"; };
		AD54F03D2855BAA10077FD0A /* IOS_FINALTests.xctest */ = {isa = PBXFileReference; explicitFileType = wrapper.cfbundle; includeInIndex = 0; path = IOS_FINALTests.xctest; sourceTree = BUILT_PRODUCTS_DIR; };
		AD54F0412855BAA10077FD0A /* IOS_FINALTests.swift */ = {isa = PBXFileReference; lastKnownFileType = sourcecode.swift; path = IOS_FINALTests.swift; sourceTree = "<group>"; };
		AD54F0472855BAA10077FD0A /* IOS_FINALUITests.xctest */ = {isa = PBXFileReference; explicitFileType = wrapper.cfbundle; includeInIndex = 0; path = IOS_FINALUITests.xctest; sourceTree = BUILT_PRODUCTS_DIR; };
		AD54F04B2855BAA10077FD0A /* IOS_FINALUITests.swift */ = {isa = PBXFileReference; lastKnownFileType = sourcecode.swift; path = IOS_FINALUITests.swift; sourceTree = "<group>"; };
		AD54F04D2855BAA10077FD0A /* IOS_FINALUITestsLaunchTests.swift */ = {isa = PBXFileReference; lastKnownFileType = sourcecode.swift; path = IOS_FINALUITestsLaunchTests.swift; sourceTree = "<group>"; };
		AD7EE2862864E24C0087134B /* HomeView.swift */ = {isa = PBXFileReference; lastKnownFileType = sourcecode.swift; path = HomeView.swift; sourceTree = "<group>"; };
		ADE674492864D20E0091C97B /* GoogleService-Info.plist */ = {isa = PBXFileReference; fileEncoding = 4; lastKnownFileType = text.plist.xml; path = "GoogleService-Info.plist"; sourceTree = "<group>"; };
		ADF9B0772864E9F100A2D930 /* PagingView.swift */ = {isa = PBXFileReference; lastKnownFileType = sourcecode.swift; path = PagingView.swift; sourceTree = "<group>"; };
		ADF9B07928654F9F00A2D930 /* CategoryView.swift */ = {isa = PBXFileReference; lastKnownFileType = sourcecode.swift; path = CategoryView.swift; sourceTree = "<group>"; };
		ADF9B07B28656BEA00A2D930 /* Item.swift */ = {isa = PBXFileReference; lastKnownFileType = sourcecode.swift; path = Item.swift; sourceTree = "<group>"; };
		ADF9B07D28656C7600A2D930 /* Comment.swift */ = {isa = PBXFileReference; lastKnownFileType = sourcecode.swift; path = Comment.swift; sourceTree = "<group>"; };
		ADF9B083286579BE00A2D930 /* Cart_Item.swift */ = {isa = PBXFileReference; lastKnownFileType = sourcecode.swift; path = Cart_Item.swift; sourceTree = "<group>"; };
		E1BD67CD2864654A00EA40E8 /* RegistrationView.swift */ = {isa = PBXFileReference; lastKnownFileType = sourcecode.swift; path = RegistrationView.swift; sourceTree = "<group>"; };
		E1BD67CF2864681D00EA40E8 /* ProductBoxView.swift */ = {isa = PBXFileReference; lastKnownFileType = sourcecode.swift; path = ProductBoxView.swift; sourceTree = "<group>"; };
		E1BD67D12864B4BE00EA40E8 /* ProductDetailView.swift */ = {isa = PBXFileReference; lastKnownFileType = sourcecode.swift; path = ProductDetailView.swift; sourceTree = "<group>"; };
		E1BD67D3286595F900EA40E8 /* CommentView.swift */ = {isa = PBXFileReference; lastKnownFileType = sourcecode.swift; path = CommentView.swift; sourceTree = "<group>"; };
		E1BD67D52865A11100EA40E8 /* CartView.swift */ = {isa = PBXFileReference; lastKnownFileType = sourcecode.swift; path = CartView.swift; sourceTree = "<group>"; };
		E1BD67D92865A20400EA40E8 /* GoogleService-Info.plist */ = {isa = PBXFileReference; fileEncoding = 4; lastKnownFileType = text.plist.xml; name = "GoogleService-Info.plist"; path = "../../GoogleService-Info.plist"; sourceTree = "<group>"; };
		E1BD67DB2865A45D00EA40E8 /* Item.swift */ = {isa = PBXFileReference; lastKnownFileType = sourcecode.swift; path = Item.swift; sourceTree = "<group>"; };
		E1BD67DD2865A53300EA40E8 /* Comment.swift */ = {isa = PBXFileReference; lastKnownFileType = sourcecode.swift; path = Comment.swift; sourceTree = "<group>"; };
		E1FE3CC428645A290045A594 /* SignInView.swift */ = {isa = PBXFileReference; lastKnownFileType = sourcecode.swift; path = SignInView.swift; sourceTree = "<group>"; };
/* End PBXFileReference section */

/* Begin PBXFrameworksBuildPhase section */
		AD54F02A2855BA9D0077FD0A /* Frameworks */ = {
			isa = PBXFrameworksBuildPhase;
			buildActionMask = 2147483647;
			files = (
				E1FE3CBD286459E60045A594 /* FirebaseAnalytics in Frameworks */,
				E1FE3CC3286459E60045A594 /* FirebaseStorage in Frameworks */,
				E1FE3CBF286459E60045A594 /* FirebaseAuth in Frameworks */,
				E1FE3CC1286459E60045A594 /* FirebaseFirestoreSwift in Frameworks */,
			);
			runOnlyForDeploymentPostprocessing = 0;
		};
		AD54F03A2855BAA10077FD0A /* Frameworks */ = {
			isa = PBXFrameworksBuildPhase;
			buildActionMask = 2147483647;
			files = (
			);
			runOnlyForDeploymentPostprocessing = 0;
		};
		AD54F0442855BAA10077FD0A /* Frameworks */ = {
			isa = PBXFrameworksBuildPhase;
			buildActionMask = 2147483647;
			files = (
			);
			runOnlyForDeploymentPostprocessing = 0;
		};
/* End PBXFrameworksBuildPhase section */

/* Begin PBXGroup section */
		AD54F0242855BA9D0077FD0A = {
			isa = PBXGroup;
			children = (
				AD54F02F2855BA9D0077FD0A /* IOS_FINAL */,
				AD54F0402855BAA10077FD0A /* IOS_FINALTests */,
				AD54F04A2855BAA10077FD0A /* IOS_FINALUITests */,
				AD54F02E2855BA9D0077FD0A /* Products */,
			);
			sourceTree = "<group>";
		};
		AD54F02E2855BA9D0077FD0A /* Products */ = {
			isa = PBXGroup;
			children = (
				AD54F02D2855BA9D0077FD0A /* IOS_FINAL.app */,
				AD54F03D2855BAA10077FD0A /* IOS_FINALTests.xctest */,
				AD54F0472855BAA10077FD0A /* IOS_FINALUITests.xctest */,
			);
			name = Products;
			sourceTree = "<group>";
		};
		AD54F02F2855BA9D0077FD0A /* IOS_FINAL */ = {
			isa = PBXGroup;
			children = (
<<<<<<< HEAD
				E1FE3CB9286458E70045A594 /* GoogleService-Info.plist */,
				ADE674492864D20E0091C97B /* GoogleService-Info.plist */,
				AD54F0302855BA9D0077FD0A /* IOS_FINALApp.swift */,
				AD54F0322855BA9D0077FD0A /* ContentView.swift */,
				E1FE3CC428645A290045A594 /* SignInView.swift */,
				E1BD67CD2864654A00EA40E8 /* RegistrationView.swift */,
				E1BD67CF2864681D00EA40E8 /* ProductBoxView.swift */,
=======
				E1BD67DF2865AB9000EA40E8 /* View */,
				E1BD67D92865A20400EA40E8 /* GoogleService-Info.plist */,
>>>>>>> 33e1a0c (created some views and object struct)
				AD54F0342855BAA10077FD0A /* Assets.xcassets */,
				AD54F0322855BA9D0077FD0A /* ContentView.swift */,
				AD54F0302855BA9D0077FD0A /* IOS_FINALApp.swift */,
				AD54F0362855BAA10077FD0A /* Preview Content */,
<<<<<<< HEAD
				AD7EE2862864E24C0087134B /* HomeView.swift */,
				ADF9B0772864E9F100A2D930 /* PagingView.swift */,
				ADF9B07928654F9F00A2D930 /* CategoryView.swift */,
				ADF9B07B28656BEA00A2D930 /* Item.swift */,
				ADF9B07D28656C7600A2D930 /* Comment.swift */,
				ADF9B083286579BE00A2D930 /* Cart_Item.swift */,
=======
				E1BD67DB2865A45D00EA40E8 /* Item.swift */,
				E1BD67DD2865A53300EA40E8 /* Comment.swift */,
>>>>>>> 33e1a0c (created some views and object struct)
			);
			path = IOS_FINAL;
			sourceTree = "<group>";
		};
		AD54F0362855BAA10077FD0A /* Preview Content */ = {
			isa = PBXGroup;
			children = (
				AD54F0372855BAA10077FD0A /* Preview Assets.xcassets */,
			);
			path = "Preview Content";
			sourceTree = "<group>";
		};
		AD54F0402855BAA10077FD0A /* IOS_FINALTests */ = {
			isa = PBXGroup;
			children = (
				AD54F0412855BAA10077FD0A /* IOS_FINALTests.swift */,
			);
			path = IOS_FINALTests;
			sourceTree = "<group>";
		};
		AD54F04A2855BAA10077FD0A /* IOS_FINALUITests */ = {
			isa = PBXGroup;
			children = (
				AD54F04B2855BAA10077FD0A /* IOS_FINALUITests.swift */,
				AD54F04D2855BAA10077FD0A /* IOS_FINALUITestsLaunchTests.swift */,
			);
			path = IOS_FINALUITests;
			sourceTree = "<group>";
		};
		E1BD67DF2865AB9000EA40E8 /* View */ = {
			isa = PBXGroup;
			children = (
				E1BD67D52865A11100EA40E8 /* CartView.swift */,
				E1BD67D3286595F900EA40E8 /* CommentView.swift */,
				E1BD67CF2864681D00EA40E8 /* ProductBoxView.swift */,
				E1BD67D12864B4BE00EA40E8 /* ProductDetailView.swift */,
				E1BD67CD2864654A00EA40E8 /* RegistrationView.swift */,
				E1FE3CC428645A290045A594 /* SignInView.swift */,
			);
			name = View;
			sourceTree = "<group>";
		};
/* End PBXGroup section */

/* Begin PBXNativeTarget section */
		AD54F02C2855BA9D0077FD0A /* IOS_FINAL */ = {
			isa = PBXNativeTarget;
			buildConfigurationList = AD54F0512855BAA20077FD0A /* Build configuration list for PBXNativeTarget "IOS_FINAL" */;
			buildPhases = (
				AD54F0292855BA9D0077FD0A /* Sources */,
				AD54F02A2855BA9D0077FD0A /* Frameworks */,
				AD54F02B2855BA9D0077FD0A /* Resources */,
			);
			buildRules = (
			);
			dependencies = (
			);
			name = IOS_FINAL;
			packageProductDependencies = (
				E1FE3CBC286459E60045A594 /* FirebaseAnalytics */,
				E1FE3CBE286459E60045A594 /* FirebaseAuth */,
				E1FE3CC0286459E60045A594 /* FirebaseFirestoreSwift */,
				E1FE3CC2286459E60045A594 /* FirebaseStorage */,
			);
			productName = IOS_FINAL;
			productReference = AD54F02D2855BA9D0077FD0A /* IOS_FINAL.app */;
			productType = "com.apple.product-type.application";
		};
		AD54F03C2855BAA10077FD0A /* IOS_FINALTests */ = {
			isa = PBXNativeTarget;
			buildConfigurationList = AD54F0542855BAA20077FD0A /* Build configuration list for PBXNativeTarget "IOS_FINALTests" */;
			buildPhases = (
				AD54F0392855BAA10077FD0A /* Sources */,
				AD54F03A2855BAA10077FD0A /* Frameworks */,
				AD54F03B2855BAA10077FD0A /* Resources */,
			);
			buildRules = (
			);
			dependencies = (
				AD54F03F2855BAA10077FD0A /* PBXTargetDependency */,
			);
			name = IOS_FINALTests;
			productName = IOS_FINALTests;
			productReference = AD54F03D2855BAA10077FD0A /* IOS_FINALTests.xctest */;
			productType = "com.apple.product-type.bundle.unit-test";
		};
		AD54F0462855BAA10077FD0A /* IOS_FINALUITests */ = {
			isa = PBXNativeTarget;
			buildConfigurationList = AD54F0572855BAA20077FD0A /* Build configuration list for PBXNativeTarget "IOS_FINALUITests" */;
			buildPhases = (
				AD54F0432855BAA10077FD0A /* Sources */,
				AD54F0442855BAA10077FD0A /* Frameworks */,
				AD54F0452855BAA10077FD0A /* Resources */,
			);
			buildRules = (
			);
			dependencies = (
				AD54F0492855BAA10077FD0A /* PBXTargetDependency */,
			);
			name = IOS_FINALUITests;
			productName = IOS_FINALUITests;
			productReference = AD54F0472855BAA10077FD0A /* IOS_FINALUITests.xctest */;
			productType = "com.apple.product-type.bundle.ui-testing";
		};
/* End PBXNativeTarget section */

/* Begin PBXProject section */
		AD54F0252855BA9D0077FD0A /* Project object */ = {
			isa = PBXProject;
			attributes = {
				BuildIndependentTargetsInParallel = 1;
				LastSwiftUpdateCheck = 1340;
				LastUpgradeCheck = 1340;
				TargetAttributes = {
					AD54F02C2855BA9D0077FD0A = {
						CreatedOnToolsVersion = 13.4.1;
					};
					AD54F03C2855BAA10077FD0A = {
						CreatedOnToolsVersion = 13.4.1;
						TestTargetID = AD54F02C2855BA9D0077FD0A;
					};
					AD54F0462855BAA10077FD0A = {
						CreatedOnToolsVersion = 13.4.1;
						TestTargetID = AD54F02C2855BA9D0077FD0A;
					};
				};
			};
			buildConfigurationList = AD54F0282855BA9D0077FD0A /* Build configuration list for PBXProject "IOS_FINAL" */;
			compatibilityVersion = "Xcode 13.0";
			developmentRegion = en;
			hasScannedForEncodings = 0;
			knownRegions = (
				en,
				Base,
			);
			mainGroup = AD54F0242855BA9D0077FD0A;
			packageReferences = (
				E1FE3CBB286459E60045A594 /* XCRemoteSwiftPackageReference "firebase-ios-sdk" */,
			);
			productRefGroup = AD54F02E2855BA9D0077FD0A /* Products */;
			projectDirPath = "";
			projectRoot = "";
			targets = (
				AD54F02C2855BA9D0077FD0A /* IOS_FINAL */,
				AD54F03C2855BAA10077FD0A /* IOS_FINALTests */,
				AD54F0462855BAA10077FD0A /* IOS_FINALUITests */,
			);
		};
/* End PBXProject section */

/* Begin PBXResourcesBuildPhase section */
		AD54F02B2855BA9D0077FD0A /* Resources */ = {
			isa = PBXResourcesBuildPhase;
			buildActionMask = 2147483647;
			files = (
				AD54F0382855BAA10077FD0A /* Preview Assets.xcassets in Resources */,
				ADE6744A2864D20F0091C97B /* GoogleService-Info.plist in Resources */,
				AD54F0352855BAA10077FD0A /* Assets.xcassets in Resources */,
				E1BD67DA2865A20400EA40E8 /* GoogleService-Info.plist in Resources */,
			);
			runOnlyForDeploymentPostprocessing = 0;
		};
		AD54F03B2855BAA10077FD0A /* Resources */ = {
			isa = PBXResourcesBuildPhase;
			buildActionMask = 2147483647;
			files = (
			);
			runOnlyForDeploymentPostprocessing = 0;
		};
		AD54F0452855BAA10077FD0A /* Resources */ = {
			isa = PBXResourcesBuildPhase;
			buildActionMask = 2147483647;
			files = (
			);
			runOnlyForDeploymentPostprocessing = 0;
		};
/* End PBXResourcesBuildPhase section */

/* Begin PBXSourcesBuildPhase section */
		AD54F0292855BA9D0077FD0A /* Sources */ = {
			isa = PBXSourcesBuildPhase;
			buildActionMask = 2147483647;
			files = (
				E1FE3CC528645A290045A594 /* SignInView.swift in Sources */,
<<<<<<< HEAD
				ADF9B07C28656BEA00A2D930 /* Item.swift in Sources */,
				ADF9B084286579BE00A2D930 /* Cart_Item.swift in Sources */,
=======
				E1BD67DC2865A45D00EA40E8 /* Item.swift in Sources */,
>>>>>>> 33e1a0c (created some views and object struct)
				AD54F0332855BA9D0077FD0A /* ContentView.swift in Sources */,
				AD54F0312855BA9D0077FD0A /* IOS_FINALApp.swift in Sources */,
				ADF9B0782864E9F100A2D930 /* PagingView.swift in Sources */,
				ADF9B07E28656C7600A2D930 /* Comment.swift in Sources */,
				AD7EE2872864E24C0087134B /* HomeView.swift in Sources */,
				E1BD67CE2864654A00EA40E8 /* RegistrationView.swift in Sources */,
<<<<<<< HEAD
				ADF9B07A28654F9F00A2D930 /* CategoryView.swift in Sources */,
=======
				E1BD67DE2865A53300EA40E8 /* Comment.swift in Sources */,
>>>>>>> 33e1a0c (created some views and object struct)
				E1BD67D02864681D00EA40E8 /* ProductBoxView.swift in Sources */,
				E1BD67D4286595F900EA40E8 /* CommentView.swift in Sources */,
				E1BD67D62865A11100EA40E8 /* CartView.swift in Sources */,
				E1BD67D22864B4BE00EA40E8 /* ProductDetailView.swift in Sources */,
			);
			runOnlyForDeploymentPostprocessing = 0;
		};
		AD54F0392855BAA10077FD0A /* Sources */ = {
			isa = PBXSourcesBuildPhase;
			buildActionMask = 2147483647;
			files = (
				AD54F0422855BAA10077FD0A /* IOS_FINALTests.swift in Sources */,
			);
			runOnlyForDeploymentPostprocessing = 0;
		};
		AD54F0432855BAA10077FD0A /* Sources */ = {
			isa = PBXSourcesBuildPhase;
			buildActionMask = 2147483647;
			files = (
				AD54F04C2855BAA10077FD0A /* IOS_FINALUITests.swift in Sources */,
				AD54F04E2855BAA10077FD0A /* IOS_FINALUITestsLaunchTests.swift in Sources */,
			);
			runOnlyForDeploymentPostprocessing = 0;
		};
/* End PBXSourcesBuildPhase section */

/* Begin PBXTargetDependency section */
		AD54F03F2855BAA10077FD0A /* PBXTargetDependency */ = {
			isa = PBXTargetDependency;
			target = AD54F02C2855BA9D0077FD0A /* IOS_FINAL */;
			targetProxy = AD54F03E2855BAA10077FD0A /* PBXContainerItemProxy */;
		};
		AD54F0492855BAA10077FD0A /* PBXTargetDependency */ = {
			isa = PBXTargetDependency;
			target = AD54F02C2855BA9D0077FD0A /* IOS_FINAL */;
			targetProxy = AD54F0482855BAA10077FD0A /* PBXContainerItemProxy */;
		};
/* End PBXTargetDependency section */

/* Begin XCBuildConfiguration section */
		AD54F04F2855BAA20077FD0A /* Debug */ = {
			isa = XCBuildConfiguration;
			buildSettings = {
				ALWAYS_SEARCH_USER_PATHS = NO;
				CLANG_ANALYZER_NONNULL = YES;
				CLANG_ANALYZER_NUMBER_OBJECT_CONVERSION = YES_AGGRESSIVE;
				CLANG_CXX_LANGUAGE_STANDARD = "gnu++17";
				CLANG_ENABLE_MODULES = YES;
				CLANG_ENABLE_OBJC_ARC = YES;
				CLANG_ENABLE_OBJC_WEAK = YES;
				CLANG_WARN_BLOCK_CAPTURE_AUTORELEASING = YES;
				CLANG_WARN_BOOL_CONVERSION = YES;
				CLANG_WARN_COMMA = YES;
				CLANG_WARN_CONSTANT_CONVERSION = YES;
				CLANG_WARN_DEPRECATED_OBJC_IMPLEMENTATIONS = YES;
				CLANG_WARN_DIRECT_OBJC_ISA_USAGE = YES_ERROR;
				CLANG_WARN_DOCUMENTATION_COMMENTS = YES;
				CLANG_WARN_EMPTY_BODY = YES;
				CLANG_WARN_ENUM_CONVERSION = YES;
				CLANG_WARN_INFINITE_RECURSION = YES;
				CLANG_WARN_INT_CONVERSION = YES;
				CLANG_WARN_NON_LITERAL_NULL_CONVERSION = YES;
				CLANG_WARN_OBJC_IMPLICIT_RETAIN_SELF = YES;
				CLANG_WARN_OBJC_LITERAL_CONVERSION = YES;
				CLANG_WARN_OBJC_ROOT_CLASS = YES_ERROR;
				CLANG_WARN_QUOTED_INCLUDE_IN_FRAMEWORK_HEADER = YES;
				CLANG_WARN_RANGE_LOOP_ANALYSIS = YES;
				CLANG_WARN_STRICT_PROTOTYPES = YES;
				CLANG_WARN_SUSPICIOUS_MOVE = YES;
				CLANG_WARN_UNGUARDED_AVAILABILITY = YES_AGGRESSIVE;
				CLANG_WARN_UNREACHABLE_CODE = YES;
				CLANG_WARN__DUPLICATE_METHOD_MATCH = YES;
				COPY_PHASE_STRIP = NO;
				DEBUG_INFORMATION_FORMAT = dwarf;
				ENABLE_STRICT_OBJC_MSGSEND = YES;
				ENABLE_TESTABILITY = YES;
				GCC_C_LANGUAGE_STANDARD = gnu11;
				GCC_DYNAMIC_NO_PIC = NO;
				GCC_NO_COMMON_BLOCKS = YES;
				GCC_OPTIMIZATION_LEVEL = 0;
				GCC_PREPROCESSOR_DEFINITIONS = (
					"DEBUG=1",
					"$(inherited)",
				);
				GCC_WARN_64_TO_32_BIT_CONVERSION = YES;
				GCC_WARN_ABOUT_RETURN_TYPE = YES_ERROR;
				GCC_WARN_UNDECLARED_SELECTOR = YES;
				GCC_WARN_UNINITIALIZED_AUTOS = YES_AGGRESSIVE;
				GCC_WARN_UNUSED_FUNCTION = YES;
				GCC_WARN_UNUSED_VARIABLE = YES;
				IPHONEOS_DEPLOYMENT_TARGET = 15.5;
				MTL_ENABLE_DEBUG_INFO = INCLUDE_SOURCE;
				MTL_FAST_MATH = YES;
				ONLY_ACTIVE_ARCH = YES;
				SDKROOT = iphoneos;
				SWIFT_ACTIVE_COMPILATION_CONDITIONS = DEBUG;
				SWIFT_OPTIMIZATION_LEVEL = "-Onone";
			};
			name = Debug;
		};
		AD54F0502855BAA20077FD0A /* Release */ = {
			isa = XCBuildConfiguration;
			buildSettings = {
				ALWAYS_SEARCH_USER_PATHS = NO;
				CLANG_ANALYZER_NONNULL = YES;
				CLANG_ANALYZER_NUMBER_OBJECT_CONVERSION = YES_AGGRESSIVE;
				CLANG_CXX_LANGUAGE_STANDARD = "gnu++17";
				CLANG_ENABLE_MODULES = YES;
				CLANG_ENABLE_OBJC_ARC = YES;
				CLANG_ENABLE_OBJC_WEAK = YES;
				CLANG_WARN_BLOCK_CAPTURE_AUTORELEASING = YES;
				CLANG_WARN_BOOL_CONVERSION = YES;
				CLANG_WARN_COMMA = YES;
				CLANG_WARN_CONSTANT_CONVERSION = YES;
				CLANG_WARN_DEPRECATED_OBJC_IMPLEMENTATIONS = YES;
				CLANG_WARN_DIRECT_OBJC_ISA_USAGE = YES_ERROR;
				CLANG_WARN_DOCUMENTATION_COMMENTS = YES;
				CLANG_WARN_EMPTY_BODY = YES;
				CLANG_WARN_ENUM_CONVERSION = YES;
				CLANG_WARN_INFINITE_RECURSION = YES;
				CLANG_WARN_INT_CONVERSION = YES;
				CLANG_WARN_NON_LITERAL_NULL_CONVERSION = YES;
				CLANG_WARN_OBJC_IMPLICIT_RETAIN_SELF = YES;
				CLANG_WARN_OBJC_LITERAL_CONVERSION = YES;
				CLANG_WARN_OBJC_ROOT_CLASS = YES_ERROR;
				CLANG_WARN_QUOTED_INCLUDE_IN_FRAMEWORK_HEADER = YES;
				CLANG_WARN_RANGE_LOOP_ANALYSIS = YES;
				CLANG_WARN_STRICT_PROTOTYPES = YES;
				CLANG_WARN_SUSPICIOUS_MOVE = YES;
				CLANG_WARN_UNGUARDED_AVAILABILITY = YES_AGGRESSIVE;
				CLANG_WARN_UNREACHABLE_CODE = YES;
				CLANG_WARN__DUPLICATE_METHOD_MATCH = YES;
				COPY_PHASE_STRIP = NO;
				DEBUG_INFORMATION_FORMAT = "dwarf-with-dsym";
				ENABLE_NS_ASSERTIONS = NO;
				ENABLE_STRICT_OBJC_MSGSEND = YES;
				GCC_C_LANGUAGE_STANDARD = gnu11;
				GCC_NO_COMMON_BLOCKS = YES;
				GCC_WARN_64_TO_32_BIT_CONVERSION = YES;
				GCC_WARN_ABOUT_RETURN_TYPE = YES_ERROR;
				GCC_WARN_UNDECLARED_SELECTOR = YES;
				GCC_WARN_UNINITIALIZED_AUTOS = YES_AGGRESSIVE;
				GCC_WARN_UNUSED_FUNCTION = YES;
				GCC_WARN_UNUSED_VARIABLE = YES;
				IPHONEOS_DEPLOYMENT_TARGET = 15.5;
				MTL_ENABLE_DEBUG_INFO = NO;
				MTL_FAST_MATH = YES;
				SDKROOT = iphoneos;
				SWIFT_COMPILATION_MODE = wholemodule;
				SWIFT_OPTIMIZATION_LEVEL = "-O";
				VALIDATE_PRODUCT = YES;
			};
			name = Release;
		};
		AD54F0522855BAA20077FD0A /* Debug */ = {
			isa = XCBuildConfiguration;
			buildSettings = {
				ASSETCATALOG_COMPILER_APPICON_NAME = AppIcon;
				ASSETCATALOG_COMPILER_GLOBAL_ACCENT_COLOR_NAME = AccentColor;
				CODE_SIGN_STYLE = Automatic;
				CURRENT_PROJECT_VERSION = 1;
				DEVELOPMENT_ASSET_PATHS = "\"IOS_FINAL/Preview Content\"";
				DEVELOPMENT_TEAM = "";
				ENABLE_PREVIEWS = YES;
				GENERATE_INFOPLIST_FILE = YES;
				INFOPLIST_KEY_UIApplicationSceneManifest_Generation = YES;
				INFOPLIST_KEY_UIApplicationSupportsIndirectInputEvents = YES;
				INFOPLIST_KEY_UILaunchScreen_Generation = YES;
				INFOPLIST_KEY_UISupportedInterfaceOrientations_iPad = "UIInterfaceOrientationPortrait UIInterfaceOrientationPortraitUpsideDown UIInterfaceOrientationLandscapeLeft UIInterfaceOrientationLandscapeRight";
				INFOPLIST_KEY_UISupportedInterfaceOrientations_iPhone = "UIInterfaceOrientationPortrait UIInterfaceOrientationLandscapeLeft UIInterfaceOrientationLandscapeRight";
				LD_RUNPATH_SEARCH_PATHS = (
					"$(inherited)",
					"@executable_path/Frameworks",
				);
				MARKETING_VERSION = 1.0;
				PRODUCT_BUNDLE_IDENTIFIER = "NTUT.IOS-FINAL";
				PRODUCT_NAME = "$(TARGET_NAME)";
				SWIFT_EMIT_LOC_STRINGS = YES;
				SWIFT_VERSION = 5.0;
				TARGETED_DEVICE_FAMILY = "1,2";
			};
			name = Debug;
		};
		AD54F0532855BAA20077FD0A /* Release */ = {
			isa = XCBuildConfiguration;
			buildSettings = {
				ASSETCATALOG_COMPILER_APPICON_NAME = AppIcon;
				ASSETCATALOG_COMPILER_GLOBAL_ACCENT_COLOR_NAME = AccentColor;
				CODE_SIGN_STYLE = Automatic;
				CURRENT_PROJECT_VERSION = 1;
				DEVELOPMENT_ASSET_PATHS = "\"IOS_FINAL/Preview Content\"";
				DEVELOPMENT_TEAM = "";
				ENABLE_PREVIEWS = YES;
				GENERATE_INFOPLIST_FILE = YES;
				INFOPLIST_KEY_UIApplicationSceneManifest_Generation = YES;
				INFOPLIST_KEY_UIApplicationSupportsIndirectInputEvents = YES;
				INFOPLIST_KEY_UILaunchScreen_Generation = YES;
				INFOPLIST_KEY_UISupportedInterfaceOrientations_iPad = "UIInterfaceOrientationPortrait UIInterfaceOrientationPortraitUpsideDown UIInterfaceOrientationLandscapeLeft UIInterfaceOrientationLandscapeRight";
				INFOPLIST_KEY_UISupportedInterfaceOrientations_iPhone = "UIInterfaceOrientationPortrait UIInterfaceOrientationLandscapeLeft UIInterfaceOrientationLandscapeRight";
				LD_RUNPATH_SEARCH_PATHS = (
					"$(inherited)",
					"@executable_path/Frameworks",
				);
				MARKETING_VERSION = 1.0;
				PRODUCT_BUNDLE_IDENTIFIER = "NTUT.IOS-FINAL";
				PRODUCT_NAME = "$(TARGET_NAME)";
				SWIFT_EMIT_LOC_STRINGS = YES;
				SWIFT_VERSION = 5.0;
				TARGETED_DEVICE_FAMILY = "1,2";
			};
			name = Release;
		};
		AD54F0552855BAA20077FD0A /* Debug */ = {
			isa = XCBuildConfiguration;
			buildSettings = {
				ALWAYS_EMBED_SWIFT_STANDARD_LIBRARIES = YES;
				BUNDLE_LOADER = "$(TEST_HOST)";
				CODE_SIGN_STYLE = Automatic;
				CURRENT_PROJECT_VERSION = 1;
				DEVELOPMENT_TEAM = Q29XVRXYF9;
				GENERATE_INFOPLIST_FILE = YES;
				IPHONEOS_DEPLOYMENT_TARGET = 15.5;
				MARKETING_VERSION = 1.0;
				PRODUCT_BUNDLE_IDENTIFIER = "NTUT.IOS-FINALTests";
				PRODUCT_NAME = "$(TARGET_NAME)";
				SWIFT_EMIT_LOC_STRINGS = NO;
				SWIFT_VERSION = 5.0;
				TARGETED_DEVICE_FAMILY = "1,2";
				TEST_HOST = "$(BUILT_PRODUCTS_DIR)/IOS_FINAL.app/IOS_FINAL";
			};
			name = Debug;
		};
		AD54F0562855BAA20077FD0A /* Release */ = {
			isa = XCBuildConfiguration;
			buildSettings = {
				ALWAYS_EMBED_SWIFT_STANDARD_LIBRARIES = YES;
				BUNDLE_LOADER = "$(TEST_HOST)";
				CODE_SIGN_STYLE = Automatic;
				CURRENT_PROJECT_VERSION = 1;
				DEVELOPMENT_TEAM = Q29XVRXYF9;
				GENERATE_INFOPLIST_FILE = YES;
				IPHONEOS_DEPLOYMENT_TARGET = 15.5;
				MARKETING_VERSION = 1.0;
				PRODUCT_BUNDLE_IDENTIFIER = "NTUT.IOS-FINALTests";
				PRODUCT_NAME = "$(TARGET_NAME)";
				SWIFT_EMIT_LOC_STRINGS = NO;
				SWIFT_VERSION = 5.0;
				TARGETED_DEVICE_FAMILY = "1,2";
				TEST_HOST = "$(BUILT_PRODUCTS_DIR)/IOS_FINAL.app/IOS_FINAL";
			};
			name = Release;
		};
		AD54F0582855BAA20077FD0A /* Debug */ = {
			isa = XCBuildConfiguration;
			buildSettings = {
				ALWAYS_EMBED_SWIFT_STANDARD_LIBRARIES = YES;
				CODE_SIGN_STYLE = Automatic;
				CURRENT_PROJECT_VERSION = 1;
				DEVELOPMENT_TEAM = Q29XVRXYF9;
				GENERATE_INFOPLIST_FILE = YES;
				MARKETING_VERSION = 1.0;
				PRODUCT_BUNDLE_IDENTIFIER = "NTUT.IOS-FINALUITests";
				PRODUCT_NAME = "$(TARGET_NAME)";
				SWIFT_EMIT_LOC_STRINGS = NO;
				SWIFT_VERSION = 5.0;
				TARGETED_DEVICE_FAMILY = "1,2";
				TEST_TARGET_NAME = IOS_FINAL;
			};
			name = Debug;
		};
		AD54F0592855BAA20077FD0A /* Release */ = {
			isa = XCBuildConfiguration;
			buildSettings = {
				ALWAYS_EMBED_SWIFT_STANDARD_LIBRARIES = YES;
				CODE_SIGN_STYLE = Automatic;
				CURRENT_PROJECT_VERSION = 1;
				DEVELOPMENT_TEAM = Q29XVRXYF9;
				GENERATE_INFOPLIST_FILE = YES;
				MARKETING_VERSION = 1.0;
				PRODUCT_BUNDLE_IDENTIFIER = "NTUT.IOS-FINALUITests";
				PRODUCT_NAME = "$(TARGET_NAME)";
				SWIFT_EMIT_LOC_STRINGS = NO;
				SWIFT_VERSION = 5.0;
				TARGETED_DEVICE_FAMILY = "1,2";
				TEST_TARGET_NAME = IOS_FINAL;
			};
			name = Release;
		};
/* End XCBuildConfiguration section */

/* Begin XCConfigurationList section */
		AD54F0282855BA9D0077FD0A /* Build configuration list for PBXProject "IOS_FINAL" */ = {
			isa = XCConfigurationList;
			buildConfigurations = (
				AD54F04F2855BAA20077FD0A /* Debug */,
				AD54F0502855BAA20077FD0A /* Release */,
			);
			defaultConfigurationIsVisible = 0;
			defaultConfigurationName = Release;
		};
		AD54F0512855BAA20077FD0A /* Build configuration list for PBXNativeTarget "IOS_FINAL" */ = {
			isa = XCConfigurationList;
			buildConfigurations = (
				AD54F0522855BAA20077FD0A /* Debug */,
				AD54F0532855BAA20077FD0A /* Release */,
			);
			defaultConfigurationIsVisible = 0;
			defaultConfigurationName = Release;
		};
		AD54F0542855BAA20077FD0A /* Build configuration list for PBXNativeTarget "IOS_FINALTests" */ = {
			isa = XCConfigurationList;
			buildConfigurations = (
				AD54F0552855BAA20077FD0A /* Debug */,
				AD54F0562855BAA20077FD0A /* Release */,
			);
			defaultConfigurationIsVisible = 0;
			defaultConfigurationName = Release;
		};
		AD54F0572855BAA20077FD0A /* Build configuration list for PBXNativeTarget "IOS_FINALUITests" */ = {
			isa = XCConfigurationList;
			buildConfigurations = (
				AD54F0582855BAA20077FD0A /* Debug */,
				AD54F0592855BAA20077FD0A /* Release */,
			);
			defaultConfigurationIsVisible = 0;
			defaultConfigurationName = Release;
		};
/* End XCConfigurationList section */

/* Begin XCRemoteSwiftPackageReference section */
		E1FE3CBB286459E60045A594 /* XCRemoteSwiftPackageReference "firebase-ios-sdk" */ = {
			isa = XCRemoteSwiftPackageReference;
			repositoryURL = "https://github.com/firebase/firebase-ios-sdk";
			requirement = {
				branch = master;
				kind = branch;
			};
		};
/* End XCRemoteSwiftPackageReference section */

/* Begin XCSwiftPackageProductDependency section */
		E1FE3CBC286459E60045A594 /* FirebaseAnalytics */ = {
			isa = XCSwiftPackageProductDependency;
			package = E1FE3CBB286459E60045A594 /* XCRemoteSwiftPackageReference "firebase-ios-sdk" */;
			productName = FirebaseAnalytics;
		};
		E1FE3CBE286459E60045A594 /* FirebaseAuth */ = {
			isa = XCSwiftPackageProductDependency;
			package = E1FE3CBB286459E60045A594 /* XCRemoteSwiftPackageReference "firebase-ios-sdk" */;
			productName = FirebaseAuth;
		};
		E1FE3CC0286459E60045A594 /* FirebaseFirestoreSwift */ = {
			isa = XCSwiftPackageProductDependency;
			package = E1FE3CBB286459E60045A594 /* XCRemoteSwiftPackageReference "firebase-ios-sdk" */;
			productName = FirebaseFirestoreSwift;
		};
		E1FE3CC2286459E60045A594 /* FirebaseStorage */ = {
			isa = XCSwiftPackageProductDependency;
			package = E1FE3CBB286459E60045A594 /* XCRemoteSwiftPackageReference "firebase-ios-sdk" */;
			productName = FirebaseStorage;
		};
/* End XCSwiftPackageProductDependency section */
	};
	rootObject = AD54F0252855BA9D0077FD0A /* Project object */;
}
